GEM
  remote: https://rubygems.org/
  specs:
    tep (0.11.2)

PLATFORMS
  aarch64-linux-gnu
  ruby

DEPENDENCIES
  tep (~> 0.11.2)

CHECKSUMS
  bundler (4.0.12) sha256=7f8b757d28dfb636e7b24fba2344ac6dd13b5b24f4b46d62573d483f211825ac
  tep (0.11.2) sha256=e0b5fd7a884c45890932841aee80a0d69091cd88fc72a73e2d7a82b59b0cc244

RUBY VERSION
  ruby 3.2.3

BUNDLED WITH
  4.0.12
