PATH
  remote: ../tep
  specs:
    tep (0.9.0)

GEM
  remote: https://rubygems.org/
  specs:

PLATFORMS
  aarch64-linux-gnu
  ruby

DEPENDENCIES
  tep!

CHECKSUMS
  bundler (4.0.12) sha256=7f8b757d28dfb636e7b24fba2344ac6dd13b5b24f4b46d62573d483f211825ac
  tep (0.9.0)

RUBY VERSION
  ruby 3.2.3

BUNDLED WITH
  4.0.12
